
Microsoft Visual Studio Solution File, Format Version 12.00
# Visual Studio 2015
Project("{FAE04EC0-301F-11D3-BF4B-00C04F79EFBC}") = "Concurrente", "Concurrente.csproj", "{6BDDDAEF-4207-5742-0C50-E2156FAB45E2}"
EndProject
Project("{FAE04EC0-301F-11D3-BF4B-00C04F79EFBC}") = "Concurrente.Editor", "Concurrente.Editor.csproj", "{CC7D9A07-4AA7-B176-DB8E-B3F205BB163A}"
EndProject
Global
	GlobalSection(SolutionConfigurationPlatforms) = preSolution
		Debug|Any CPU = Debug|Any CPU
		Release|Any CPU = Release|Any CPU
	EndGlobalSection
	GlobalSection(ProjectConfigurationPlatforms) = postSolution
		{6BDDDAEF-4207-5742-0C50-E2156FAB45E2}.Debug|Any CPU.ActiveCfg = Debug|Any CPU
		{6BDDDAEF-4207-5742-0C50-E2156FAB45E2}.Debug|Any CPU.Build.0 = Debug|Any CPU
		{6BDDDAEF-4207-5742-0C50-E2156FAB45E2}.Release|Any CPU.ActiveCfg = Release|Any CPU
		{6BDDDAEF-4207-5742-0C50-E2156FAB45E2}.Release|Any CPU.Build.0 = Release|Any CPU
		{CC7D9A07-4AA7-B176-DB8E-B3F205BB163A}.Debug|Any CPU.ActiveCfg = Debug|Any CPU
		{CC7D9A07-4AA7-B176-DB8E-B3F205BB163A}.Debug|Any CPU.Build.0 = Debug|Any CPU
		{CC7D9A07-4AA7-B176-DB8E-B3F205BB163A}.Release|Any CPU.ActiveCfg = Release|Any CPU
		{CC7D9A07-4AA7-B176-DB8E-B3F205BB163A}.Release|Any CPU.Build.0 = Release|Any CPU
	EndGlobalSection
	GlobalSection(SolutionProperties) = preSolution
		HideSolutionNode = FALSE
	EndGlobalSection
EndGlobal
